# This file is generated by running "yarn install" inside your project.
# Manual changes might be lost - proceed with caution!

__metadata:
  version: 7
  cacheKey: 9

"app-b@workspace:.":
  version: 0.0.0-use.local
  resolution: "app-b@workspace:."
  dependencies:
    fs-extra: "npm:11"
    lib-b: "npm:1.0.0"
  languageName: unknown
  linkType: soft

"at-least-node@npm:^1.0.0":
  version: 1.0.0
  resolution: "at-least-node@npm:1.0.0"
  checksum: fed1be4307a3752f3a863a6e0219c58fe6838ee95c77ecafffd2a72bbfe4ff33695777e4bffe2a095ef5671c638b803a55e0d39a728c7b0afa9adaa5900444bd
  languageName: node
  linkType: hard

"fs-extra@npm:11":
  version: 11.1.0
  resolution: "fs-extra@npm:11.1.0"
  dependencies:
    graceful-fs: "npm:^4.2.0"
    jsonfile: "npm:^6.0.1"
    universalify: "npm:^2.0.0"
  checksum: 20d9909070e7d9754cb651af067ae4343b5fc9b05fa9b8765a9348dab7dfa9b78c0f1ebe791774f06d4cca4231f4be9889a916d0457e8e87097a613e6bdd1746
  languageName: node
  linkType: hard

"fs-extra@npm:9":
  version: 9.1.0
  resolution: "fs-extra@npm:9.1.0"
  dependencies:
    at-least-node: "npm:^1.0.0"
    graceful-fs: "npm:^4.2.0"
    jsonfile: "npm:^6.0.1"
    universalify: "npm:^2.0.0"
  checksum: fc8ff3111ca42a4a3118e63247b1ebe4fbe4abc6daed2d51414699efb5661a2b9aeeb1b9283cb63544011a50b8f59c315e53b06d9c1b38a7786be99f8e59dabb
  languageName: node
  linkType: hard

"graceful-fs@npm:^4.1.6, graceful-fs@npm:^4.2.0":
  version: 4.2.10
  resolution: "graceful-fs@npm:4.2.10"
  checksum: 6b5f9b5aeaee0459b9c37bdbf9624f788703ce291d6bf2d7751f5003942e853f232ca613aec818d1ff7622379bc8b434c635bfda99db93e0b9b8da80ec3d844d
  languageName: node
  linkType: hard

"jsonfile@npm:^6.0.1":
  version: 6.1.0
  resolution: "jsonfile@npm:6.1.0"
  dependencies:
    graceful-fs: "npm:^4.1.6"
    universalify: "npm:^2.0.0"
  dependenciesMeta:
    graceful-fs:
      optional: true
  checksum: d1fe80d443f7b3257aef1ef918231c9cf8a57127f004f74232869dfa408188b6ccf9d8a6724f7dbf7a6797355969cacfe1f2a16779f4ec636999bfaa876c13b0
  languageName: node
  linkType: hard

"lib-a@portal:../proj1/packages/lib-a::locator=app-b%40workspace%3A.":
  version: 0.0.0-use.local
  resolution: "lib-a@portal:../proj1/packages/lib-a::locator=app-b%40workspace%3A."
  dependencies:
    fs-extra: "npm:9"
  languageName: node
  linkType: soft

"lib-b@portal:../proj1/packages/lib-b::locator=app-b%40workspace%3A.":
  version: 0.0.0-use.local
  resolution: "lib-b@portal:../proj1/packages/lib-b::locator=app-b%40workspace%3A."
  dependencies:
    lib-a: "workspace:^"
  languageName: node
  linkType: soft

"universalify@npm:^2.0.0":
  version: 2.0.0
  resolution: "universalify@npm:2.0.0"
  checksum: 243b0697a640cda1912e62a79f9439ec24b937df9a9a47ee7dd5fe813c4547300a3dc346e0c7c10dbd925f54a19507e8de915f2562a5e694716bdcd0825d48f6
  languageName: node
  linkType: hard
